
Microsoft Visual Studio Solution File, Format Version 12.00
# Visual Studio Version 17
VisualStudioVersion = 17.4.33213.308
MinimumVisualStudioVersion = 10.0.40219.1
Project("{FAE04EC0-301F-11D3-BF4B-00C04F79EFBC}") = "GitCheckPoint1", "GitCheckPoint1.csproj", "{BD794FC1-50C0-4572-8205-BE663AE4CD4A}"
EndProject
Global
	GlobalSection(SolutionConfigurationPlatforms) = preSolution
		Debug|Any CPU = Debug|Any CPU
		Release|Any CPU = Release|Any CPU
	EndGlobalSection
	GlobalSection(ProjectConfigurationPlatforms) = postSolution
		{BD794FC1-50C0-4572-8205-BE663AE4CD4A}.Debug|Any CPU.ActiveCfg = Debug|Any CPU
		{BD794FC1-50C0-4572-8205-BE663AE4CD4A}.Debug|Any CPU.Build.0 = Debug|Any CPU
		{BD794FC1-50C0-4572-8205-BE663AE4CD4A}.Release|Any CPU.ActiveCfg = Release|Any CPU
		{BD794FC1-50C0-4572-8205-BE663AE4CD4A}.Release|Any CPU.Build.0 = Release|Any CPU
	EndGlobalSection
	GlobalSection(SolutionProperties) = preSolution
		HideSolutionNode = FALSE
	EndGlobalSection
	GlobalSection(ExtensibilityGlobals) = postSolution
		SolutionGuid = {D04DC8E2-35D3-4394-BA63-F75234C457A3}
	EndGlobalSection
EndGlobal
